
Microsoft Visual Studio Solution File, Format Version 12.00
# Visual Studio Version 17
VisualStudioVersion = 17.6.33829.357
MinimumVisualStudioVersion = 10.0.40219.1
Project("{FAE04EC0-301F-11D3-BF4B-00C04F79EFBC}") = "3 - Two Sum", "3 - Two Sum.csproj", "{86D88077-7AD6-4156-BBAB-F958B6B35301}"
EndProject
Global
	GlobalSection(SolutionConfigurationPlatforms) = preSolution
		Debug|Any CPU = Debug|Any CPU
		Release|Any CPU = Release|Any CPU
	EndGlobalSection
	GlobalSection(ProjectConfigurationPlatforms) = postSolution
		{86D88077-7AD6-4156-BBAB-F958B6B35301}.Debug|Any CPU.ActiveCfg = Debug|Any CPU
		{86D88077-7AD6-4156-BBAB-F958B6B35301}.Debug|Any CPU.Build.0 = Debug|Any CPU
		{86D88077-7AD6-4156-BBAB-F958B6B35301}.Release|Any CPU.ActiveCfg = Release|Any CPU
		{86D88077-7AD6-4156-BBAB-F958B6B35301}.Release|Any CPU.Build.0 = Release|Any CPU
	EndGlobalSection
	GlobalSection(SolutionProperties) = preSolution
		HideSolutionNode = FALSE
	EndGlobalSection
	GlobalSection(ExtensibilityGlobals) = postSolution
		SolutionGuid = {A808D6A1-4512-45D9-B021-DA3D428C3BB9}
	EndGlobalSection
EndGlobal
