
Microsoft Visual Studio Solution File, Format Version 12.00
# Visual Studio Version 17
VisualStudioVersion = 17.7.34024.191
MinimumVisualStudioVersion = 10.0.40219.1
Project("{FAE04EC0-301F-11D3-BF4B-00C04F79EFBC}") = "238 - Product of Array Except Self", "238 - Product of Array Except Self.csproj", "{CA1D005F-6351-4143-BF4B-414ED4CE2EA6}"
EndProject
Global
	GlobalSection(SolutionConfigurationPlatforms) = preSolution
		Debug|Any CPU = Debug|Any CPU
		Release|Any CPU = Release|Any CPU
	EndGlobalSection
	GlobalSection(ProjectConfigurationPlatforms) = postSolution
		{CA1D005F-6351-4143-BF4B-414ED4CE2EA6}.Debug|Any CPU.ActiveCfg = Debug|Any CPU
		{CA1D005F-6351-4143-BF4B-414ED4CE2EA6}.Debug|Any CPU.Build.0 = Debug|Any CPU
		{CA1D005F-6351-4143-BF4B-414ED4CE2EA6}.Release|Any CPU.ActiveCfg = Release|Any CPU
		{CA1D005F-6351-4143-BF4B-414ED4CE2EA6}.Release|Any CPU.Build.0 = Release|Any CPU
	EndGlobalSection
	GlobalSection(SolutionProperties) = preSolution
		HideSolutionNode = FALSE
	EndGlobalSection
	GlobalSection(ExtensibilityGlobals) = postSolution
		SolutionGuid = {0F064B88-7548-47D7-BAEB-C22BC04FDF22}
	EndGlobalSection
EndGlobal
