
Microsoft Visual Studio Solution File, Format Version 12.00
# Visual Studio Version 17
VisualStudioVersion = 17.7.34024.191
MinimumVisualStudioVersion = 10.0.40219.1
Project("{FAE04EC0-301F-11D3-BF4B-00C04F79EFBC}") = "42. Trapping Rain Water", "42. Trapping Rain Water.csproj", "{1CD9B1E1-BA19-4982-8C15-7A6C39233F0B}"
EndProject
Global
	GlobalSection(SolutionConfigurationPlatforms) = preSolution
		Debug|Any CPU = Debug|Any CPU
		Release|Any CPU = Release|Any CPU
	EndGlobalSection
	GlobalSection(ProjectConfigurationPlatforms) = postSolution
		{1CD9B1E1-BA19-4982-8C15-7A6C39233F0B}.Debug|Any CPU.ActiveCfg = Debug|Any CPU
		{1CD9B1E1-BA19-4982-8C15-7A6C39233F0B}.Debug|Any CPU.Build.0 = Debug|Any CPU
		{1CD9B1E1-BA19-4982-8C15-7A6C39233F0B}.Release|Any CPU.ActiveCfg = Release|Any CPU
		{1CD9B1E1-BA19-4982-8C15-7A6C39233F0B}.Release|Any CPU.Build.0 = Release|Any CPU
	EndGlobalSection
	GlobalSection(SolutionProperties) = preSolution
		HideSolutionNode = FALSE
	EndGlobalSection
	GlobalSection(ExtensibilityGlobals) = postSolution
		SolutionGuid = {B737B7A1-77CF-46D2-8932-AC76E7D62539}
	EndGlobalSection
EndGlobal
