
Microsoft Visual Studio Solution File, Format Version 12.00
# Visual Studio Version 17
VisualStudioVersion = 17.6.33829.357
MinimumVisualStudioVersion = 10.0.40219.1
Project("{FAE04EC0-301F-11D3-BF4B-00C04F79EFBC}") = "4 - Valid Palindrome", "4 - Valid Palindrome.csproj", "{1AE6BEC7-7871-4AA7-9114-15365F1D12F8}"
EndProject
Global
	GlobalSection(SolutionConfigurationPlatforms) = preSolution
		Debug|Any CPU = Debug|Any CPU
		Release|Any CPU = Release|Any CPU
	EndGlobalSection
	GlobalSection(ProjectConfigurationPlatforms) = postSolution
		{1AE6BEC7-7871-4AA7-9114-15365F1D12F8}.Debug|Any CPU.ActiveCfg = Debug|Any CPU
		{1AE6BEC7-7871-4AA7-9114-15365F1D12F8}.Debug|Any CPU.Build.0 = Debug|Any CPU
		{1AE6BEC7-7871-4AA7-9114-15365F1D12F8}.Release|Any CPU.ActiveCfg = Release|Any CPU
		{1AE6BEC7-7871-4AA7-9114-15365F1D12F8}.Release|Any CPU.Build.0 = Release|Any CPU
	EndGlobalSection
	GlobalSection(SolutionProperties) = preSolution
		HideSolutionNode = FALSE
	EndGlobalSection
	GlobalSection(ExtensibilityGlobals) = postSolution
		SolutionGuid = {D95BCDCB-1B5F-4EAC-A691-D2E5663AAD62}
	EndGlobalSection
EndGlobal
