
Microsoft Visual Studio Solution File, Format Version 12.00
# Visual Studio Version 17
VisualStudioVersion = 17.7.34024.191
MinimumVisualStudioVersion = 10.0.40219.1
Project("{FAE04EC0-301F-11D3-BF4B-00C04F79EFBC}") = "704. Binary Search", "704. Binary Search.csproj", "{3C701FEF-9C7C-45BD-A694-AA24F503CFE0}"
EndProject
Global
	GlobalSection(SolutionConfigurationPlatforms) = preSolution
		Debug|Any CPU = Debug|Any CPU
		Release|Any CPU = Release|Any CPU
	EndGlobalSection
	GlobalSection(ProjectConfigurationPlatforms) = postSolution
		{3C701FEF-9C7C-45BD-A694-AA24F503CFE0}.Debug|Any CPU.ActiveCfg = Debug|Any CPU
		{3C701FEF-9C7C-45BD-A694-AA24F503CFE0}.Debug|Any CPU.Build.0 = Debug|Any CPU
		{3C701FEF-9C7C-45BD-A694-AA24F503CFE0}.Release|Any CPU.ActiveCfg = Release|Any CPU
		{3C701FEF-9C7C-45BD-A694-AA24F503CFE0}.Release|Any CPU.Build.0 = Release|Any CPU
	EndGlobalSection
	GlobalSection(SolutionProperties) = preSolution
		HideSolutionNode = FALSE
	EndGlobalSection
	GlobalSection(ExtensibilityGlobals) = postSolution
		SolutionGuid = {46ED1794-9B86-42DA-97A1-DBBC8391DE91}
	EndGlobalSection
EndGlobal
